// !$*UTF8*$!
{
	archiveVersion = 1;
	classes = {
	};
	objectVersion = 46;
	objects = {

/* Begin PBXBuildFile section */
		A7E52ADE4C58B55298975E27 /* SenTestingKit.framework in Frameworks */ = {isa = PBXBuildFile; fileRef = A7E52ADE4C58B55298975E26 /* SenTestingKit.framework */; };
		A7E52ADE4C58B55298975E29 /* UIKit.framework in Frameworks */ = {isa = PBXBuildFile; fileRef = A7E52ADE4C58B55298975E28 /* UIKit.framework */; };
		A7E52ADE4C58B55298975E2B /* Foundation.framework in Frameworks */ = {isa = PBXBuildFile; fileRef = A7E52ADE4C58B55298975E2A /* Foundation.framework */; };
		A7E52ADE4C58B55298975E31 /* InfoPlist.strings in Resources */ = {isa = PBXBuildFile; fileRef = A7E52ADE4C58B55298975E30 /* InfoPlist.strings */; };
		A7E52ADE4C58B55298975E34 /* TDDKataCalc.m in Sources */ = {isa = PBXBuildFile; fileRef = A7E52ADE4C58B55298975E33 /* TDDKataCalc.m */; };
		A7E52ADE4C58B55298975E37 /* Calculator.m in Sources */ = {isa = PBXBuildFile; fileRef = A7E52ADE4C58B55298975E36 /* Calculator.m */; };
/* End PBXBuildFile section */

/* Begin PBXFileReference section */
		A7E52ADE4C58B55298975E1C /* TDDKataCalc.octest */ = {isa = PBXFileReference; explicitFileType = wrapper.cfbundle; includeInIndex = 0; path = TDDKataCalc.octest; sourceTree = BUILT_PRODUCTS_DIR; };
		A7E52ADE4C58B55298975E26 /* SenTestingKit.framework */ = {isa = PBXFileReference; lastKnownFileType = wrapper.framework; name = SenTestingKit.framework; path = Library/Frameworks/SenTestingKit.framework; sourceTree = DEVELOPER_DIR; };
		A7E52ADE4C58B55298975E28 /* UIKit.framework */ = {isa = PBXFileReference; lastKnownFileType = wrapper.framework; name = UIKit.framework; path = System/Library/Frameworks/UIKit.framework; sourceTree = SDKROOT; };
		A7E52ADE4C58B55298975E2A /* Foundation.framework */ = {isa = PBXFileReference; lastKnownFileType = wrapper.framework; name = Foundation.framework; path = System/Library/Frameworks/Foundation.framework; sourceTree = SDKROOT; };
		A7E52ADE4C58B55298975E2E /* TDDKataCalc-Info.plist */ = {isa = PBXFileReference; lastKnownFileType = text.plist.info; path = "TDDKataCalc-Info.plist"; sourceTree = "<group>"; };
		A7E52ADE4C58B55298975E2F /* en */ = {isa = PBXFileReference; lastKnownFileType = text.plist.strings; name = en; path = en.lproj/InfoPlist.strings; sourceTree = "<group>"; };
		A7E52ADE4C58B55298975E32 /* TDDKataCalc.h */ = {isa = PBXFileReference; lastKnownFileType = sourcecode.c.h; path = TDDKataCalc.h; sourceTree = "<group>"; };
		A7E52ADE4C58B55298975E33 /* TDDKataCalc.m */ = {isa = PBXFileReference; lastKnownFileType = sourcecode.c.objc; path = TDDKataCalc.m; sourceTree = "<group>"; };
		A7E52ADE4C58B55298975E35 /* TDDKataCalc-Prefix.pch */ = {isa = PBXFileReference; lastKnownFileType = sourcecode.c.h; path = "TDDKataCalc-Prefix.pch"; sourceTree = "<group>"; };
		A7E52ADE4C58B55298975E36 /* Calculator.m */ = {isa = PBXFileReference; fileEncoding = 4; lastKnownFileType = sourcecode.c.objc; path = Calculator.m; sourceTree = "<group>"; };
		A7E52ADE4C58B55298975E38 /* Calculator.h */ = {isa = PBXFileReference; fileEncoding = 4; lastKnownFileType = sourcecode.c.h; path = Calculator.h; sourceTree = "<group>"; };
/* End PBXFileReference section */

/* Begin PBXFrameworksBuildPhase section */
		A7E52ADE4C58B55298975E22 /* Frameworks */ = {
			isa = PBXFrameworksBuildPhase;
			buildActionMask = 2147483647;
			files = (
				A7E52ADE4C58B55298975E27 /* SenTestingKit.framework in Frameworks */,
				A7E52ADE4C58B55298975E29 /* UIKit.framework in Frameworks */,
				A7E52ADE4C58B55298975E2B /* Foundation.framework in Frameworks */,
			);
			runOnlyForDeploymentPostprocessing = 0;
		};
/* End PBXFrameworksBuildPhase section */

/* Begin PBXGroup section */
		A7E52ADE4C58B55298975E18 = {
			isa = PBXGroup;
			children = (
				A7E52ADE4C58B55298975E19 /* Products */,
				A7E52ADE4C58B55298975E25 /* Frameworks */,
				A7E52ADE4C58B55298975E2C /* TDDKataCalc */,
			);
			sourceTree = "<group>";
		};
		A7E52ADE4C58B55298975E19 /* Products */ = {
			isa = PBXGroup;
			children = (
				A7E52ADE4C58B55298975E1C /* TDDKataCalc.octest */,
			);
			name = Products;
			sourceTree = "<group>";
		};
		A7E52ADE4C58B55298975E25 /* Frameworks */ = {
			isa = PBXGroup;
			children = (
				A7E52ADE4C58B55298975E2A /* Foundation.framework */,
				A7E52ADE4C58B55298975E28 /* UIKit.framework */,
				A7E52ADE4C58B55298975E26 /* SenTestingKit.framework */,
			);
			name = Frameworks;
			sourceTree = "<group>";
		};
		A7E52ADE4C58B55298975E2C /* TDDKataCalc */ = {
			isa = PBXGroup;
			children = (
				A7E52ADE4C58B55298975E38 /* Calculator.h */,
				A7E52ADE4C58B55298975E36 /* Calculator.m */,
				A7E52ADE4C58B55298975E33 /* TDDKataCalc.m */,
				A7E52ADE4C58B55298975E32 /* TDDKataCalc.h */,
				A7E52ADE4C58B55298975E2D /* Supporting Files */,
			);
			path = TDDKataCalc;
			sourceTree = "<group>";
		};
		A7E52ADE4C58B55298975E2D /* Supporting Files */ = {
			isa = PBXGroup;
			children = (
				A7E52ADE4C58B55298975E35 /* TDDKataCalc-Prefix.pch */,
				A7E52ADE4C58B55298975E30 /* InfoPlist.strings */,
				A7E52ADE4C58B55298975E2E /* TDDKataCalc-Info.plist */,
			);
			name = "Supporting Files";
			sourceTree = "<group>";
		};
/* End PBXGroup section */

/* Begin PBXNativeTarget section */
		A7E52ADE4C58B55298975E1D /* TDDKataCalc */ = {
			isa = PBXNativeTarget;
			buildConfigurationList = A7E52ADE4C58B55298975E1E /* Build configuration list for PBXNativeTarget "TDDKataCalc" */;
			buildPhases = (
				A7E52ADE4C58B55298975E21 /* Sources */,
				A7E52ADE4C58B55298975E22 /* Frameworks */,
				A7E52ADE4C58B55298975E23 /* Resources */,
				A7E52ADE4C58B55298975E24 /* ShellScript */,
			);
			buildRules = (
			);
			dependencies = (
			);
			name = TDDKataCalc;
			productName = TDDKataCalc;
			productReference = A7E52ADE4C58B55298975E1C /* TDDKataCalc.octest */;
			productType = "com.apple.product-type.bundle";
		};
/* End PBXNativeTarget section */

/* Begin PBXProject section */
		A7E52ADE4C58B55298975E16 /* Project object */ = {
			isa = PBXProject;
			buildConfigurationList = A7E52ADE4C58B55298975E17 /* Build configuration list for PBXProject "TDDKataCalc" */;
			compatibilityVersion = "Xcode 3.2";
			developmentRegion = English;
			hasScannedForEncodings = 0;
			knownRegions = (
				en,
			);
			mainGroup = A7E52ADE4C58B55298975E18;
			productRefGroup = A7E52ADE4C58B55298975E19 /* Products */;
			projectDirPath = "";
			projectRoot = "";
			targets = (
				A7E52ADE4C58B55298975E1D /* TDDKataCalc */,
			);
		};
/* End PBXProject section */

/* Begin PBXResourcesBuildPhase section */
		A7E52ADE4C58B55298975E23 /* Resources */ = {
			isa = PBXResourcesBuildPhase;
			buildActionMask = 2147483647;
			files = (
				A7E52ADE4C58B55298975E31 /* InfoPlist.strings in Resources */,
			);
			runOnlyForDeploymentPostprocessing = 0;
		};
/* End PBXResourcesBuildPhase section */

/* Begin PBXShellScriptBuildPhase section */
		A7E52ADE4C58B55298975E24 /* ShellScript */ = {
			isa = PBXShellScriptBuildPhase;
			buildActionMask = 2147483647;
			files = (
			);
			inputPaths = (
			);
			outputPaths = (
			);
			runOnlyForDeploymentPostprocessing = 0;
			shellPath = /bin/sh;
			shellScript = "# Run the unit tests in this test bundle.\n\"${SYSTEM_DEVELOPER_DIR}/Tools/RunUnitTests\"\n";
		};
/* End PBXShellScriptBuildPhase section */

/* Begin PBXSourcesBuildPhase section */
		A7E52ADE4C58B55298975E21 /* Sources */ = {
			isa = PBXSourcesBuildPhase;
			buildActionMask = 2147483647;
			files = (
				A7E52ADE4C58B55298975E34 /* TDDKataCalc.m in Sources */,
				A7E52ADE4C58B55298975E37 /* Calculator.m in Sources */,
			);
			runOnlyForDeploymentPostprocessing = 0;
		};
/* End PBXSourcesBuildPhase section */

/* Begin PBXVariantGroup section */
		A7E52ADE4C58B55298975E30 /* InfoPlist.strings */ = {
			isa = PBXVariantGroup;
			children = (
				A7E52ADE4C58B55298975E2F /* en */,
			);
			name = InfoPlist.strings;
			sourceTree = "<group>";
		};
/* End PBXVariantGroup section */

/* Begin XCBuildConfiguration section */
		A7E52ADE4C58B55298975E1A /* Release */ = {
			isa = XCBuildConfiguration;
			buildSettings = {
				ALWAYS_SEARCH_USER_PATHS = NO;
				ARCHS = "$(ARCHS_STANDARD_32_BIT)";
				CLANG_ENABLE_OBJC_ARC = YES;
				COPY_PHASE_STRIP = YES;
				GCC_C_LANGUAGE_STANDARD = gnu99;
				GCC_VERSION = com.apple.compilers.llvm.clang.1_0;
				GCC_WARN_ABOUT_MISSING_PROTOTYPES = YES;
				GCC_WARN_ABOUT_RETURN_TYPE = YES;
				GCC_WARN_UNUSED_VARIABLE = YES;
				IPHONEOS_DEPLOYMENT_TARGET = 5.0;
				SDKROOT = iphoneos;
				VALIDATE_PRODUCT = YES;
			};
			name = Release;
		};
		A7E52ADE4C58B55298975E1B /* Debug */ = {
			isa = XCBuildConfiguration;
			buildSettings = {
				ALWAYS_SEARCH_USER_PATHS = NO;
				ARCHS = "$(ARCHS_STANDARD_32_BIT)";
				CLANG_ENABLE_OBJC_ARC = YES;
				COPY_PHASE_STRIP = NO;
				GCC_C_LANGUAGE_STANDARD = gnu99;
				GCC_DYNAMIC_NO_PIC = NO;
				GCC_OPTIMIZATION_LEVEL = 0;
				GCC_PREPROCESSOR_DEFINITIONS = (
					"DEBUG=1",
					"$(inherited)",
				);
				GCC_SYMBOLS_PRIVATE_EXTERN = NO;
				GCC_VERSION = com.apple.compilers.llvm.clang.1_0;
				GCC_WARN_ABOUT_MISSING_PROTOTYPES = YES;
				GCC_WARN_ABOUT_RETURN_TYPE = YES;
				GCC_WARN_UNUSED_VARIABLE = YES;
				IPHONEOS_DEPLOYMENT_TARGET = 5.0;
				SDKROOT = iphoneos;
			};
			name = Debug;
		};
		A7E52ADE4C58B55298975E1F /* Release */ = {
			isa = XCBuildConfiguration;
			buildSettings = {
				FRAMEWORK_SEARCH_PATHS = (
					"$(SDKROOT)/Developer/Library/Frameworks",
					"$(DEVELOPER_LIBRARY_DIR)/Frameworks",
				);
				GCC_PRECOMPILE_PREFIX_HEADER = YES;
				GCC_PREFIX_HEADER = "TDDKataCalc/TDDKataCalc-Prefix.pch";
				INFOPLIST_FILE = "TDDKataCalc/TDDKataCalc-Info.plist";
				PRODUCT_NAME = "$(TARGET_NAME)";
				WRAPPER_EXTENSION = octest;
			};
			name = Release;
		};
		A7E52ADE4C58B55298975E20 /* Debug */ = {
			isa = XCBuildConfiguration;
			buildSettings = {
				FRAMEWORK_SEARCH_PATHS = (
					"$(SDKROOT)/Developer/Library/Frameworks",
					"$(DEVELOPER_LIBRARY_DIR)/Frameworks",
				);
				GCC_PRECOMPILE_PREFIX_HEADER = YES;
				GCC_PREFIX_HEADER = "TDDKataCalc/TDDKataCalc-Prefix.pch";
				INFOPLIST_FILE = "TDDKataCalc/TDDKataCalc-Info.plist";
				PRODUCT_NAME = "$(TARGET_NAME)";
				WRAPPER_EXTENSION = octest;
			};
			name = Debug;
		};
/* End XCBuildConfiguration section */

/* Begin XCConfigurationList section */
		A7E52ADE4C58B55298975E17 /* Build configuration list for PBXProject "TDDKataCalc" */ = {
			isa = XCConfigurationList;
			buildConfigurations = (
				A7E52ADE4C58B55298975E1A /* Release */,
				A7E52ADE4C58B55298975E1B /* Debug */,
			);
			defaultConfigurationIsVisible = 0;
			defaultConfigurationName = Release;
		};
		A7E52ADE4C58B55298975E1E /* Build configuration list for PBXNativeTarget "TDDKataCalc" */ = {
			isa = XCConfigurationList;
			buildConfigurations = (
				A7E52ADE4C58B55298975E1F /* Release */,
				A7E52ADE4C58B55298975E20 /* Debug */,
			);
			defaultConfigurationIsVisible = 0;
		};
/* End XCConfigurationList section */
	};
	rootObject = A7E52ADE4C58B55298975E16 /* Project object */;
}
