// !$*UTF8*$!
{
	archiveVersion = 1;
	classes = {
	};
	objectVersion = 46;
	objects = {

/* Begin PBXBuildFile section */
		5B17904788B31E8A35A3D218 /* main.m in Sources */ = {isa = PBXBuildFile; fileRef = 5B17910A0C5E769A0288BC80 /* main.m */; };
		5B17916808910925A3750EA4 /* StringUtilsTests.m in Sources */ = {isa = PBXBuildFile; fileRef = 5B1790B07DFB3C7B9002D87B /* StringUtilsTests.m */; };
		5B17934803E7E87BFC3E6B76 /* UIKit.framework in Frameworks */ = {isa = PBXBuildFile; fileRef = 5B179474EB48A4314D82046D /* UIKit.framework */; };
		5B17934CAADC0B1A58A23415 /* UIKit.framework in Frameworks */ = {isa = PBXBuildFile; fileRef = 5B179474EB48A4314D82046D /* UIKit.framework */; };
		5B1793FBA12129BD426E6E72 /* Foundation.framework in Frameworks */ = {isa = PBXBuildFile; fileRef = 5B179E012CA90D4DA72826C3 /* Foundation.framework */; };
		5B1796175907F0BE058A5DEB /* Foundation.framework in Frameworks */ = {isa = PBXBuildFile; fileRef = 5B179E012CA90D4DA72826C3 /* Foundation.framework */; };
		5B17964654B747574C22E518 /* InfoPlist.strings in Resources */ = {isa = PBXBuildFile; fileRef = 5B179F398DA4A6FA4746DA21 /* InfoPlist.strings */; };
		5B17975BBAC5586D5B41269B /* NSStringCategoryTests.m in Sources */ = {isa = PBXBuildFile; fileRef = 5B179DC9086CB8D03762C3A5 /* NSStringCategoryTests.m */; };
		5B1798C48977D5F369FD1F13 /* StringUtils.m in Sources */ = {isa = PBXBuildFile; fileRef = 5B1799F7C586347DBCE205AE /* StringUtils.m */; };
		5B179A81CD40986AD67DD49F /* CoreGraphics.framework in Frameworks */ = {isa = PBXBuildFile; fileRef = 5B17928BA292B27E5ADBF06E /* CoreGraphics.framework */; };
		5B179C7461D0F3A68E212693 /* NSString+KataUtils.m in Sources */ = {isa = PBXBuildFile; fileRef = 5B179AB9E8B1EB00CCF84D66 /* NSString+KataUtils.m */; };
		5B179E2C4F19C5BE91666AAC /* SenTestingKit.framework in Frameworks */ = {isa = PBXBuildFile; fileRef = 5B1795D3553567BB73D5E932 /* SenTestingKit.framework */; };
		5B179E4D35161CD9C38B94E3 /* InfoPlist.strings in Resources */ = {isa = PBXBuildFile; fileRef = 5B1799B077BC46186590904E /* InfoPlist.strings */; };
		5B179E5CA265861F73A3BAB8 /* ViewController.xib in Resources */ = {isa = PBXBuildFile; fileRef = 5B1794AC98DD29C4739CCAD2 /* ViewController.xib */; };
		5B179E6B1D7ABCF0F8E18046 /* AppDelegate.m in Sources */ = {isa = PBXBuildFile; fileRef = 5B179046E821021D2F3865BB /* AppDelegate.m */; };
		5B179F30FC5E97938F6EF772 /* ViewController.m in Sources */ = {isa = PBXBuildFile; fileRef = 5B17931B1F05EFEFDA458762 /* ViewController.m */; };
/* End PBXBuildFile section */

/* Begin PBXContainerItemProxy section */
		5B179290E757C40893241B07 /* PBXContainerItemProxy */ = {
			isa = PBXContainerItemProxy;
			containerPortal = 5B17927C93DA549F59FC07DB /* Project object */;
			proxyType = 1;
			remoteGlobalIDString = 5B17917B9E63A43F1D38F43C;
			remoteInfo = WordWrapApp;
		};
/* End PBXContainerItemProxy section */

/* Begin PBXFileReference section */
		5B179046E821021D2F3865BB /* AppDelegate.m */ = {isa = PBXFileReference; lastKnownFileType = sourcecode.c.objc; path = AppDelegate.m; sourceTree = "<group>"; };
		5B1790B07DFB3C7B9002D87B /* StringUtilsTests.m */ = {isa = PBXFileReference; fileEncoding = 4; lastKnownFileType = sourcecode.c.objc; path = StringUtilsTests.m; sourceTree = "<group>"; };
		5B17910A0C5E769A0288BC80 /* main.m */ = {isa = PBXFileReference; lastKnownFileType = sourcecode.c.objc; path = main.m; sourceTree = "<group>"; };
		5B17928BA292B27E5ADBF06E /* CoreGraphics.framework */ = {isa = PBXFileReference; lastKnownFileType = wrapper.framework; name = CoreGraphics.framework; path = System/Library/Frameworks/CoreGraphics.framework; sourceTree = SDKROOT; };
		5B1792D0AFB88B656CCD5A34 /* AppDelegate.h */ = {isa = PBXFileReference; lastKnownFileType = sourcecode.c.h; path = AppDelegate.h; sourceTree = "<group>"; };
		5B17931B1F05EFEFDA458762 /* ViewController.m */ = {isa = PBXFileReference; lastKnownFileType = sourcecode.c.objc; path = ViewController.m; sourceTree = "<group>"; };
		5B179474EB48A4314D82046D /* UIKit.framework */ = {isa = PBXFileReference; lastKnownFileType = wrapper.framework; name = UIKit.framework; path = System/Library/Frameworks/UIKit.framework; sourceTree = SDKROOT; };
		5B1794B61D8283E205B2E6C4 /* WordWrapAppTests.octest */ = {isa = PBXFileReference; explicitFileType = wrapper.cfbundle; includeInIndex = 0; path = WordWrapAppTests.octest; sourceTree = BUILT_PRODUCTS_DIR; };
		5B17953052936E6E3BB34BA5 /* StringUtilsTests.h */ = {isa = PBXFileReference; fileEncoding = 4; lastKnownFileType = sourcecode.c.h; path = StringUtilsTests.h; sourceTree = "<group>"; };
		5B1795D3553567BB73D5E932 /* SenTestingKit.framework */ = {isa = PBXFileReference; lastKnownFileType = wrapper.framework; name = SenTestingKit.framework; path = Library/Frameworks/SenTestingKit.framework; sourceTree = DEVELOPER_DIR; };
		5B1795DBE2663F8C797F963E /* WordWrapApp-Info.plist */ = {isa = PBXFileReference; lastKnownFileType = text.plist.info; path = "WordWrapApp-Info.plist"; sourceTree = "<group>"; };
		5B1796BCCF2D7B17D7F33FA1 /* NSStringCategoryTests.h */ = {isa = PBXFileReference; fileEncoding = 4; lastKnownFileType = sourcecode.c.h; path = NSStringCategoryTests.h; sourceTree = "<group>"; };
		5B17973FC0DA0042AEFFA35A /* en */ = {isa = PBXFileReference; lastKnownFileType = text.plist.strings; name = en; path = en.lproj/InfoPlist.strings; sourceTree = "<group>"; };
		5B1799985AF338175E6D8BE6 /* WordWrapApp.app */ = {isa = PBXFileReference; explicitFileType = wrapper.application; includeInIndex = 0; path = WordWrapApp.app; sourceTree = BUILT_PRODUCTS_DIR; };
		5B1799F7C586347DBCE205AE /* StringUtils.m */ = {isa = PBXFileReference; fileEncoding = 4; lastKnownFileType = sourcecode.c.objc; path = StringUtils.m; sourceTree = "<group>"; };
		5B179A2013738D075D1E6818 /* StringUtils.h */ = {isa = PBXFileReference; fileEncoding = 4; lastKnownFileType = sourcecode.c.h; path = StringUtils.h; sourceTree = "<group>"; };
		5B179AA6AAB88E12B7E3F432 /* en */ = {isa = PBXFileReference; lastKnownFileType = file.xib; name = en; path = en.lproj/ViewController.xib; sourceTree = "<group>"; };
		5B179AB9E8B1EB00CCF84D66 /* NSString+KataUtils.m */ = {isa = PBXFileReference; fileEncoding = 4; lastKnownFileType = sourcecode.c.objc; path = "NSString+KataUtils.m"; sourceTree = "<group>"; };
		5B179C11CA6890BCCF6119AE /* NSString+KataUtils.h */ = {isa = PBXFileReference; fileEncoding = 4; lastKnownFileType = sourcecode.c.h; path = "NSString+KataUtils.h"; sourceTree = "<group>"; };
		5B179D2FD650185B17F4EC31 /* WordWrapApp-Prefix.pch */ = {isa = PBXFileReference; lastKnownFileType = sourcecode.c.h; path = "WordWrapApp-Prefix.pch"; sourceTree = "<group>"; };
		5B179D8F23CE0CC0445C940F /* ViewController.h */ = {isa = PBXFileReference; lastKnownFileType = sourcecode.c.h; path = ViewController.h; sourceTree = "<group>"; };
		5B179DC9086CB8D03762C3A5 /* NSStringCategoryTests.m */ = {isa = PBXFileReference; fileEncoding = 4; lastKnownFileType = sourcecode.c.objc; path = NSStringCategoryTests.m; sourceTree = "<group>"; };
		5B179DD15EC3C220D73F95F7 /* en */ = {isa = PBXFileReference; lastKnownFileType = text.plist.strings; name = en; path = en.lproj/InfoPlist.strings; sourceTree = "<group>"; };
		5B179E012CA90D4DA72826C3 /* Foundation.framework */ = {isa = PBXFileReference; lastKnownFileType = wrapper.framework; name = Foundation.framework; path = System/Library/Frameworks/Foundation.framework; sourceTree = SDKROOT; };
		5B179EAAC8FAFFCF977C3E29 /* WordWrapAppTests-Info.plist */ = {isa = PBXFileReference; lastKnownFileType = text.plist.info; path = "WordWrapAppTests-Info.plist"; sourceTree = "<group>"; };
/* End PBXFileReference section */

/* Begin PBXFrameworksBuildPhase section */
		5B1795C3B6AC40B58E8479E6 /* Frameworks */ = {
			isa = PBXFrameworksBuildPhase;
			buildActionMask = 2147483647;
			files = (
				5B17934803E7E87BFC3E6B76 /* UIKit.framework in Frameworks */,
				5B1793FBA12129BD426E6E72 /* Foundation.framework in Frameworks */,
				5B179A81CD40986AD67DD49F /* CoreGraphics.framework in Frameworks */,
			);
			runOnlyForDeploymentPostprocessing = 0;
		};
		5B179ED8D3DF6539B33C0B1F /* Frameworks */ = {
			isa = PBXFrameworksBuildPhase;
			buildActionMask = 2147483647;
			files = (
				5B179E2C4F19C5BE91666AAC /* SenTestingKit.framework in Frameworks */,
				5B17934CAADC0B1A58A23415 /* UIKit.framework in Frameworks */,
				5B1796175907F0BE058A5DEB /* Foundation.framework in Frameworks */,
			);
			runOnlyForDeploymentPostprocessing = 0;
		};
/* End PBXFrameworksBuildPhase section */

/* Begin PBXGroup section */
		5B179047B0A342ABE57315A6 /* Supporting Files */ = {
			isa = PBXGroup;
			children = (
				5B179F398DA4A6FA4746DA21 /* InfoPlist.strings */,
				5B179EAAC8FAFFCF977C3E29 /* WordWrapAppTests-Info.plist */,
			);
			name = "Supporting Files";
			sourceTree = "<group>";
		};
		5B1794E64F6B529421209D68 /* WordWrapApp */ = {
			isa = PBXGroup;
			children = (
				5B1794AC98DD29C4739CCAD2 /* ViewController.xib */,
				5B17931B1F05EFEFDA458762 /* ViewController.m */,
				5B179D8F23CE0CC0445C940F /* ViewController.h */,
				5B179046E821021D2F3865BB /* AppDelegate.m */,
				5B1792D0AFB88B656CCD5A34 /* AppDelegate.h */,
				5B1796A98DDAE92DA0199F6D /* Supporting Files */,
				5B179ADA1A35C138C385A2CA /* Utils */,
			);
			path = WordWrapApp;
			sourceTree = "<group>";
		};
		5B1796A98DDAE92DA0199F6D /* Supporting Files */ = {
			isa = PBXGroup;
			children = (
				5B179D2FD650185B17F4EC31 /* WordWrapApp-Prefix.pch */,
				5B17910A0C5E769A0288BC80 /* main.m */,
				5B1799B077BC46186590904E /* InfoPlist.strings */,
				5B1795DBE2663F8C797F963E /* WordWrapApp-Info.plist */,
			);
			name = "Supporting Files";
			sourceTree = "<group>";
		};
		5B17989DB4E538E27CF0281C /* Frameworks */ = {
			isa = PBXGroup;
			children = (
				5B1795D3553567BB73D5E932 /* SenTestingKit.framework */,
				5B17928BA292B27E5ADBF06E /* CoreGraphics.framework */,
				5B179E012CA90D4DA72826C3 /* Foundation.framework */,
				5B179474EB48A4314D82046D /* UIKit.framework */,
			);
			name = Frameworks;
			sourceTree = "<group>";
		};
		5B179A3852C0D3B623C5242F /* Products */ = {
			isa = PBXGroup;
			children = (
				5B1799985AF338175E6D8BE6 /* WordWrapApp.app */,
				5B1794B61D8283E205B2E6C4 /* WordWrapAppTests.octest */,
			);
			name = Products;
			sourceTree = "<group>";
		};
		5B179AA839B47A07F8F1D0E2 = {
			isa = PBXGroup;
			children = (
				5B179A3852C0D3B623C5242F /* Products */,
				5B17989DB4E538E27CF0281C /* Frameworks */,
				5B1794E64F6B529421209D68 /* WordWrapApp */,
				5B179F3CD7A3BEF6610CF6A5 /* WordWrapAppTests */,
			);
			sourceTree = "<group>";
		};
		5B179ADA1A35C138C385A2CA /* Utils */ = {
			isa = PBXGroup;
			children = (
				5B179C11CA6890BCCF6119AE /* NSString+KataUtils.h */,
				5B179AB9E8B1EB00CCF84D66 /* NSString+KataUtils.m */,
				5B179A2013738D075D1E6818 /* StringUtils.h */,
				5B1799F7C586347DBCE205AE /* StringUtils.m */,
			);
			path = Utils;
			sourceTree = "<group>";
		};
		5B179F3CD7A3BEF6610CF6A5 /* WordWrapAppTests */ = {
			isa = PBXGroup;
			children = (
				5B179DC9086CB8D03762C3A5 /* NSStringCategoryTests.m */,
				5B1796BCCF2D7B17D7F33FA1 /* NSStringCategoryTests.h */,
				5B1790B07DFB3C7B9002D87B /* StringUtilsTests.m */,
				5B17953052936E6E3BB34BA5 /* StringUtilsTests.h */,
				5B179047B0A342ABE57315A6 /* Supporting Files */,
			);
			path = WordWrapAppTests;
			sourceTree = "<group>";
		};
/* End PBXGroup section */

/* Begin PBXNativeTarget section */
		5B17910B605D69E1D6DF7C9B /* WordWrapAppTests */ = {
			isa = PBXNativeTarget;
			buildConfigurationList = 5B17986C1B522CF9336068FB /* Build configuration list for PBXNativeTarget "WordWrapAppTests" */;
			buildPhases = (
				5B179E3EC99A1300DF7EE279 /* Sources */,
				5B179ED8D3DF6539B33C0B1F /* Frameworks */,
				5B1796D1F420E2AA21F6D763 /* Resources */,
				5B17932A86BD4EE6C3CF385B /* ShellScript */,
			);
			buildRules = (
			);
			dependencies = (
				5B17942663116C6F3ADEBE82 /* PBXTargetDependency */,
			);
			name = WordWrapAppTests;
			productName = WordWrapAppTests;
			productReference = 5B1794B61D8283E205B2E6C4 /* WordWrapAppTests.octest */;
			productType = "com.apple.product-type.bundle";
		};
		5B17917B9E63A43F1D38F43C /* WordWrapApp */ = {
			isa = PBXNativeTarget;
			buildConfigurationList = 5B179F43AB4BEDD2B14D194D /* Build configuration list for PBXNativeTarget "WordWrapApp" */;
			buildPhases = (
				5B179416229A98519E4FC5E3 /* Sources */,
				5B1795C3B6AC40B58E8479E6 /* Frameworks */,
				5B179EA857C7B7F70DC5CC4B /* Resources */,
			);
			buildRules = (
			);
			dependencies = (
			);
			name = WordWrapApp;
			productName = WordWrapApp;
			productReference = 5B1799985AF338175E6D8BE6 /* WordWrapApp.app */;
			productType = "com.apple.product-type.application";
		};
/* End PBXNativeTarget section */

/* Begin PBXProject section */
		5B17927C93DA549F59FC07DB /* Project object */ = {
			isa = PBXProject;
			buildConfigurationList = 5B179AB74D6FB95C31429657 /* Build configuration list for PBXProject "WordWrapApp" */;
			compatibilityVersion = "Xcode 3.2";
			developmentRegion = English;
			hasScannedForEncodings = 0;
			knownRegions = (
				en,
			);
			mainGroup = 5B179AA839B47A07F8F1D0E2;
			productRefGroup = 5B179A3852C0D3B623C5242F /* Products */;
			projectDirPath = "";
			projectRoot = "";
			targets = (
				5B17917B9E63A43F1D38F43C /* WordWrapApp */,
				5B17910B605D69E1D6DF7C9B /* WordWrapAppTests */,
			);
		};
/* End PBXProject section */

/* Begin PBXResourcesBuildPhase section */
		5B1796D1F420E2AA21F6D763 /* Resources */ = {
			isa = PBXResourcesBuildPhase;
			buildActionMask = 2147483647;
			files = (
				5B17964654B747574C22E518 /* InfoPlist.strings in Resources */,
			);
			runOnlyForDeploymentPostprocessing = 0;
		};
		5B179EA857C7B7F70DC5CC4B /* Resources */ = {
			isa = PBXResourcesBuildPhase;
			buildActionMask = 2147483647;
			files = (
				5B179E4D35161CD9C38B94E3 /* InfoPlist.strings in Resources */,
				5B179E5CA265861F73A3BAB8 /* ViewController.xib in Resources */,
			);
			runOnlyForDeploymentPostprocessing = 0;
		};
/* End PBXResourcesBuildPhase section */

/* Begin PBXShellScriptBuildPhase section */
		5B17932A86BD4EE6C3CF385B /* ShellScript */ = {
			isa = PBXShellScriptBuildPhase;
			buildActionMask = 2147483647;
			files = (
			);
			inputPaths = (
			);
			outputPaths = (
			);
			runOnlyForDeploymentPostprocessing = 0;
			shellPath = /bin/sh;
			shellScript = "# Run the unit tests in this test bundle.\n\"${SYSTEM_DEVELOPER_DIR}/Tools/RunUnitTests\"\n";
		};
/* End PBXShellScriptBuildPhase section */

/* Begin PBXSourcesBuildPhase section */
		5B179416229A98519E4FC5E3 /* Sources */ = {
			isa = PBXSourcesBuildPhase;
			buildActionMask = 2147483647;
			files = (
				5B17904788B31E8A35A3D218 /* main.m in Sources */,
				5B179E6B1D7ABCF0F8E18046 /* AppDelegate.m in Sources */,
				5B179F30FC5E97938F6EF772 /* ViewController.m in Sources */,
				5B1798C48977D5F369FD1F13 /* StringUtils.m in Sources */,
				5B179C7461D0F3A68E212693 /* NSString+KataUtils.m in Sources */,
			);
			runOnlyForDeploymentPostprocessing = 0;
		};
		5B179E3EC99A1300DF7EE279 /* Sources */ = {
			isa = PBXSourcesBuildPhase;
			buildActionMask = 2147483647;
			files = (
				5B17916808910925A3750EA4 /* StringUtilsTests.m in Sources */,
				5B17975BBAC5586D5B41269B /* NSStringCategoryTests.m in Sources */,
			);
			runOnlyForDeploymentPostprocessing = 0;
		};
/* End PBXSourcesBuildPhase section */

/* Begin PBXTargetDependency section */
		5B17942663116C6F3ADEBE82 /* PBXTargetDependency */ = {
			isa = PBXTargetDependency;
			target = 5B17917B9E63A43F1D38F43C /* WordWrapApp */;
			targetProxy = 5B179290E757C40893241B07 /* PBXContainerItemProxy */;
		};
/* End PBXTargetDependency section */

/* Begin PBXVariantGroup section */
		5B1794AC98DD29C4739CCAD2 /* ViewController.xib */ = {
			isa = PBXVariantGroup;
			children = (
				5B179AA6AAB88E12B7E3F432 /* en */,
			);
			name = ViewController.xib;
			sourceTree = "<group>";
		};
		5B1799B077BC46186590904E /* InfoPlist.strings */ = {
			isa = PBXVariantGroup;
			children = (
				5B17973FC0DA0042AEFFA35A /* en */,
			);
			name = InfoPlist.strings;
			sourceTree = "<group>";
		};
		5B179F398DA4A6FA4746DA21 /* InfoPlist.strings */ = {
			isa = PBXVariantGroup;
			children = (
				5B179DD15EC3C220D73F95F7 /* en */,
			);
			name = InfoPlist.strings;
			sourceTree = "<group>";
		};
/* End PBXVariantGroup section */

/* Begin XCBuildConfiguration section */
		5B179153F0B7C0BE40643888 /* Release */ = {
			isa = XCBuildConfiguration;
			buildSettings = {
				BUNDLE_LOADER = "$(BUILT_PRODUCTS_DIR)/WordWrapApp.app/WordWrapApp";
				FRAMEWORK_SEARCH_PATHS = (
					"\"$(SDKROOT)/Developer/Library/Frameworks\"",
					"\"$(DEVELOPER_LIBRARY_DIR)/Frameworks\"",
				);
				GCC_PRECOMPILE_PREFIX_HEADER = YES;
				GCC_PREFIX_HEADER = "WordWrapApp/WordWrapApp-Prefix.pch";
				INFOPLIST_FILE = "WordWrapAppTests/WordWrapAppTests-Info.plist";
				PRODUCT_NAME = "$(TARGET_NAME)";
				TEST_HOST = "$(BUNDLE_LOADER)";
				WRAPPER_EXTENSION = octest;
			};
			name = Release;
		};
		5B17920AB32B2E241E4F2F75 /* Release */ = {
			isa = XCBuildConfiguration;
			buildSettings = {
				GCC_PRECOMPILE_PREFIX_HEADER = YES;
				GCC_PREFIX_HEADER = "WordWrapApp/WordWrapApp-Prefix.pch";
				INFOPLIST_FILE = "WordWrapApp/WordWrapApp-Info.plist";
				PRODUCT_NAME = "$(TARGET_NAME)";
				WRAPPER_EXTENSION = app;
			};
			name = Release;
		};
		5B179365FDAF6AD640B7673F /* Debug */ = {
			isa = XCBuildConfiguration;
			buildSettings = {
				BUNDLE_LOADER = "$(BUILT_PRODUCTS_DIR)/WordWrapApp.app/WordWrapApp";
				FRAMEWORK_SEARCH_PATHS = (
					"\"$(SDKROOT)/Developer/Library/Frameworks\"",
					"\"$(DEVELOPER_LIBRARY_DIR)/Frameworks\"",
				);
				GCC_PRECOMPILE_PREFIX_HEADER = YES;
				GCC_PREFIX_HEADER = "WordWrapApp/WordWrapApp-Prefix.pch";
				INFOPLIST_FILE = "WordWrapAppTests/WordWrapAppTests-Info.plist";
				PRODUCT_NAME = "$(TARGET_NAME)";
				TEST_HOST = "$(BUNDLE_LOADER)";
				WRAPPER_EXTENSION = octest;
			};
			name = Debug;
		};
		5B1799D3184693B9A4032A8A /* Debug */ = {
			isa = XCBuildConfiguration;
			buildSettings = {
				ALWAYS_SEARCH_USER_PATHS = NO;
				ARCHS = "$(ARCHS_STANDARD_32_BIT)";
				CLANG_CXX_LANGUAGE_STANDARD = "gnu++0x";
				CLANG_ENABLE_OBJC_ARC = YES;
				CLANG_WARN__DUPLICATE_METHOD_MATCH = YES;
				"CODE_SIGN_IDENTITY[sdk=iphoneos*]" = "iPhone Developer";
				COPY_PHASE_STRIP = NO;
				GCC_C_LANGUAGE_STANDARD = gnu99;
				GCC_DYNAMIC_NO_PIC = NO;
				GCC_OPTIMIZATION_LEVEL = 0;
				GCC_PREPROCESSOR_DEFINITIONS = (
					"DEBUG=1",
					"$(inherited)",
				);
				GCC_SYMBOLS_PRIVATE_EXTERN = NO;
				GCC_VERSION = com.apple.compilers.llvm.clang.1_0;
				GCC_WARN_ABOUT_RETURN_TYPE = YES;
				GCC_WARN_UNINITIALIZED_AUTOS = YES;
				GCC_WARN_UNUSED_VARIABLE = YES;
				IPHONEOS_DEPLOYMENT_TARGET = 5.1;
				SDKROOT = iphoneos;
			};
			name = Debug;
		};
		5B179C5ED93FA6866ACACEFE /* Debug */ = {
			isa = XCBuildConfiguration;
			buildSettings = {
				GCC_PRECOMPILE_PREFIX_HEADER = YES;
				GCC_PREFIX_HEADER = "WordWrapApp/WordWrapApp-Prefix.pch";
				INFOPLIST_FILE = "WordWrapApp/WordWrapApp-Info.plist";
				PRODUCT_NAME = "$(TARGET_NAME)";
				WRAPPER_EXTENSION = app;
			};
			name = Debug;
		};
		5B179F980645AE58668DE000 /* Release */ = {
			isa = XCBuildConfiguration;
			buildSettings = {
				ALWAYS_SEARCH_USER_PATHS = NO;
				ARCHS = "$(ARCHS_STANDARD_32_BIT)";
				CLANG_CXX_LANGUAGE_STANDARD = "gnu++0x";
				CLANG_ENABLE_OBJC_ARC = YES;
				CLANG_WARN__DUPLICATE_METHOD_MATCH = YES;
				"CODE_SIGN_IDENTITY[sdk=iphoneos*]" = "iPhone Developer";
				COPY_PHASE_STRIP = YES;
				GCC_C_LANGUAGE_STANDARD = gnu99;
				GCC_VERSION = com.apple.compilers.llvm.clang.1_0;
				GCC_WARN_ABOUT_RETURN_TYPE = YES;
				GCC_WARN_UNINITIALIZED_AUTOS = YES;
				GCC_WARN_UNUSED_VARIABLE = YES;
				IPHONEOS_DEPLOYMENT_TARGET = 5.1;
				OTHER_CFLAGS = "-DNS_BLOCK_ASSERTIONS=1";
				SDKROOT = iphoneos;
				VALIDATE_PRODUCT = YES;
			};
			name = Release;
		};
/* End XCBuildConfiguration section */

/* Begin XCConfigurationList section */
		5B17986C1B522CF9336068FB /* Build configuration list for PBXNativeTarget "WordWrapAppTests" */ = {
			isa = XCConfigurationList;
			buildConfigurations = (
				5B179153F0B7C0BE40643888 /* Release */,
				5B179365FDAF6AD640B7673F /* Debug */,
			);
			defaultConfigurationIsVisible = 0;
		};
		5B179AB74D6FB95C31429657 /* Build configuration list for PBXProject "WordWrapApp" */ = {
			isa = XCConfigurationList;
			buildConfigurations = (
				5B179F980645AE58668DE000 /* Release */,
				5B1799D3184693B9A4032A8A /* Debug */,
			);
			defaultConfigurationIsVisible = 0;
			defaultConfigurationName = Release;
		};
		5B179F43AB4BEDD2B14D194D /* Build configuration list for PBXNativeTarget "WordWrapApp" */ = {
			isa = XCConfigurationList;
			buildConfigurations = (
				5B17920AB32B2E241E4F2F75 /* Release */,
				5B179C5ED93FA6866ACACEFE /* Debug */,
			);
			defaultConfigurationIsVisible = 0;
		};
/* End XCConfigurationList section */
	};
	rootObject = 5B17927C93DA549F59FC07DB /* Project object */;
}
