// !$*UTF8*$!
{
	archiveVersion = 1;
	classes = {
	};
	objectVersion = 46;
	objects = {

/* Begin PBXBuildFile section */
		5F489955CF58E92E449ACED8 /* SenTestingKit.framework in Frameworks */ = {isa = PBXBuildFile; fileRef = 5F489955CF58E92E449ACED7 /* SenTestingKit.framework */; };
		5F489955CF58E92E449ACEDA /* UIKit.framework in Frameworks */ = {isa = PBXBuildFile; fileRef = 5F489955CF58E92E449ACED9 /* UIKit.framework */; };
		5F489955CF58E92E449ACEDC /* Foundation.framework in Frameworks */ = {isa = PBXBuildFile; fileRef = 5F489955CF58E92E449ACEDB /* Foundation.framework */; };
		5F489955CF58E92E449ACEE2 /* InfoPlist.strings in Resources */ = {isa = PBXBuildFile; fileRef = 5F489955CF58E92E449ACEE1 /* InfoPlist.strings */; };
		5F489955CF58E92E449ACEE5 /* CalculatorTests.m in Sources */ = {isa = PBXBuildFile; fileRef = 5F489955CF58E92E449ACEE4 /* CalculatorTests.m */; };
		5F489955CF58E92E449ACEE8 /* Calculator.m in Sources */ = {isa = PBXBuildFile; fileRef = 5F489955CF58E92E449ACEE7 /* Calculator.m */; };
/* End PBXBuildFile section */

/* Begin PBXFileReference section */
		5F489955CF58E92E449ACECD /* CalculatorTests.octest */ = {isa = PBXFileReference; explicitFileType = wrapper.cfbundle; includeInIndex = 0; path = CalculatorTests.octest; sourceTree = BUILT_PRODUCTS_DIR; };
		5F489955CF58E92E449ACED7 /* SenTestingKit.framework */ = {isa = PBXFileReference; lastKnownFileType = wrapper.framework; name = SenTestingKit.framework; path = Library/Frameworks/SenTestingKit.framework; sourceTree = DEVELOPER_DIR; };
		5F489955CF58E92E449ACED9 /* UIKit.framework */ = {isa = PBXFileReference; lastKnownFileType = wrapper.framework; name = UIKit.framework; path = System/Library/Frameworks/UIKit.framework; sourceTree = SDKROOT; };
		5F489955CF58E92E449ACEDB /* Foundation.framework */ = {isa = PBXFileReference; lastKnownFileType = wrapper.framework; name = Foundation.framework; path = System/Library/Frameworks/Foundation.framework; sourceTree = SDKROOT; };
		5F489955CF58E92E449ACEDF /* CalculatorTests-Info.plist */ = {isa = PBXFileReference; lastKnownFileType = text.plist.info; path = "CalculatorTests-Info.plist"; sourceTree = "<group>"; };
		5F489955CF58E92E449ACEE0 /* en */ = {isa = PBXFileReference; lastKnownFileType = text.plist.strings; name = en; path = en.lproj/InfoPlist.strings; sourceTree = "<group>"; };
		5F489955CF58E92E449ACEE3 /* CalculatorTests.h */ = {isa = PBXFileReference; lastKnownFileType = sourcecode.c.h; path = CalculatorTests.h; sourceTree = "<group>"; };
		5F489955CF58E92E449ACEE4 /* CalculatorTests.m */ = {isa = PBXFileReference; lastKnownFileType = sourcecode.c.objc; path = CalculatorTests.m; sourceTree = "<group>"; };
		5F489955CF58E92E449ACEE6 /* CalculatorTests-Prefix.pch */ = {isa = PBXFileReference; lastKnownFileType = sourcecode.c.h; path = "CalculatorTests-Prefix.pch"; sourceTree = "<group>"; };
		5F489955CF58E92E449ACEE7 /* Calculator.m */ = {isa = PBXFileReference; fileEncoding = 4; lastKnownFileType = sourcecode.c.objc; path = Calculator.m; sourceTree = "<group>"; };
		5F489955CF58E92E449ACEE9 /* Calculator.h */ = {isa = PBXFileReference; fileEncoding = 4; lastKnownFileType = sourcecode.c.h; path = Calculator.h; sourceTree = "<group>"; };
/* End PBXFileReference section */

/* Begin PBXFrameworksBuildPhase section */
		5F489955CF58E92E449ACED3 /* Frameworks */ = {
			isa = PBXFrameworksBuildPhase;
			buildActionMask = 2147483647;
			files = (
				5F489955CF58E92E449ACED8 /* SenTestingKit.framework in Frameworks */,
				5F489955CF58E92E449ACEDA /* UIKit.framework in Frameworks */,
				5F489955CF58E92E449ACEDC /* Foundation.framework in Frameworks */,
			);
			runOnlyForDeploymentPostprocessing = 0;
		};
/* End PBXFrameworksBuildPhase section */

/* Begin PBXGroup section */
		5F489955CF58E92E449ACEC9 = {
			isa = PBXGroup;
			children = (
				5F489955CF58E92E449ACECA /* Products */,
				5F489955CF58E92E449ACED6 /* Frameworks */,
				5F489955CF58E92E449ACEDD /* CalculatorTests */,
			);
			sourceTree = "<group>";
		};
		5F489955CF58E92E449ACECA /* Products */ = {
			isa = PBXGroup;
			children = (
				5F489955CF58E92E449ACECD /* CalculatorTests.octest */,
			);
			name = Products;
			sourceTree = "<group>";
		};
		5F489955CF58E92E449ACED6 /* Frameworks */ = {
			isa = PBXGroup;
			children = (
				5F489955CF58E92E449ACEDB /* Foundation.framework */,
				5F489955CF58E92E449ACED9 /* UIKit.framework */,
				5F489955CF58E92E449ACED7 /* SenTestingKit.framework */,
			);
			name = Frameworks;
			sourceTree = "<group>";
		};
		5F489955CF58E92E449ACEDD /* CalculatorTests */ = {
			isa = PBXGroup;
			children = (
				5F489955CF58E92E449ACEE9 /* Calculator.h */,
				5F489955CF58E92E449ACEE7 /* Calculator.m */,
				5F489955CF58E92E449ACEE4 /* CalculatorTests.m */,
				5F489955CF58E92E449ACEE3 /* CalculatorTests.h */,
				5F489955CF58E92E449ACEDE /* Supporting Files */,
			);
			path = CalculatorTests;
			sourceTree = "<group>";
		};
		5F489955CF58E92E449ACEDE /* Supporting Files */ = {
			isa = PBXGroup;
			children = (
				5F489955CF58E92E449ACEE6 /* CalculatorTests-Prefix.pch */,
				5F489955CF58E92E449ACEE1 /* InfoPlist.strings */,
				5F489955CF58E92E449ACEDF /* CalculatorTests-Info.plist */,
			);
			name = "Supporting Files";
			sourceTree = "<group>";
		};
/* End PBXGroup section */

/* Begin PBXNativeTarget section */
		5F489955CF58E92E449ACECE /* CalculatorTests */ = {
			isa = PBXNativeTarget;
			buildConfigurationList = 5F489955CF58E92E449ACECF /* Build configuration list for PBXNativeTarget "CalculatorTests" */;
			buildPhases = (
				5F489955CF58E92E449ACED2 /* Sources */,
				5F489955CF58E92E449ACED3 /* Frameworks */,
				5F489955CF58E92E449ACED4 /* Resources */,
				5F489955CF58E92E449ACED5 /* ShellScript */,
			);
			buildRules = (
			);
			dependencies = (
			);
			name = CalculatorTests;
			productName = CalculatorTests;
			productReference = 5F489955CF58E92E449ACECD /* CalculatorTests.octest */;
			productType = "com.apple.product-type.bundle";
		};
/* End PBXNativeTarget section */

/* Begin PBXProject section */
		5F489955CF58E92E449ACEC7 /* Project object */ = {
			isa = PBXProject;
			buildConfigurationList = 5F489955CF58E92E449ACEC8 /* Build configuration list for PBXProject "CalculatorTests" */;
			compatibilityVersion = "Xcode 3.2";
			developmentRegion = English;
			hasScannedForEncodings = 0;
			knownRegions = (
				en,
			);
			mainGroup = 5F489955CF58E92E449ACEC9;
			productRefGroup = 5F489955CF58E92E449ACECA /* Products */;
			projectDirPath = "";
			projectRoot = "";
			targets = (
				5F489955CF58E92E449ACECE /* CalculatorTests */,
			);
		};
/* End PBXProject section */

/* Begin PBXResourcesBuildPhase section */
		5F489955CF58E92E449ACED4 /* Resources */ = {
			isa = PBXResourcesBuildPhase;
			buildActionMask = 2147483647;
			files = (
				5F489955CF58E92E449ACEE2 /* InfoPlist.strings in Resources */,
			);
			runOnlyForDeploymentPostprocessing = 0;
		};
/* End PBXResourcesBuildPhase section */

/* Begin PBXShellScriptBuildPhase section */
		5F489955CF58E92E449ACED5 /* ShellScript */ = {
			isa = PBXShellScriptBuildPhase;
			buildActionMask = 2147483647;
			files = (
			);
			inputPaths = (
			);
			outputPaths = (
			);
			runOnlyForDeploymentPostprocessing = 0;
			shellPath = /bin/sh;
			shellScript = "# Run the unit tests in this test bundle.\n\"${SYSTEM_DEVELOPER_DIR}/Tools/RunUnitTests\"\n";
		};
/* End PBXShellScriptBuildPhase section */

/* Begin PBXSourcesBuildPhase section */
		5F489955CF58E92E449ACED2 /* Sources */ = {
			isa = PBXSourcesBuildPhase;
			buildActionMask = 2147483647;
			files = (
				5F489955CF58E92E449ACEE5 /* CalculatorTests.m in Sources */,
				5F489955CF58E92E449ACEE8 /* Calculator.m in Sources */,
			);
			runOnlyForDeploymentPostprocessing = 0;
		};
/* End PBXSourcesBuildPhase section */

/* Begin PBXVariantGroup section */
		5F489955CF58E92E449ACEE1 /* InfoPlist.strings */ = {
			isa = PBXVariantGroup;
			children = (
				5F489955CF58E92E449ACEE0 /* en */,
			);
			name = InfoPlist.strings;
			sourceTree = "<group>";
		};
/* End PBXVariantGroup section */

/* Begin XCBuildConfiguration section */
		5F489955CF58E92E449ACECB /* Release */ = {
			isa = XCBuildConfiguration;
			buildSettings = {
				ALWAYS_SEARCH_USER_PATHS = NO;
				ARCHS = "$(ARCHS_STANDARD_32_BIT)";
				COPY_PHASE_STRIP = YES;
				GCC_C_LANGUAGE_STANDARD = gnu99;
				GCC_VERSION = com.apple.compilers.llvm.clang.1_0;
				GCC_WARN_ABOUT_MISSING_PROTOTYPES = YES;
				GCC_WARN_ABOUT_RETURN_TYPE = YES;
				GCC_WARN_UNUSED_VARIABLE = YES;
				IPHONEOS_DEPLOYMENT_TARGET = 5.0;
				SDKROOT = iphoneos;
				VALIDATE_PRODUCT = YES;
			};
			name = Release;
		};
		5F489955CF58E92E449ACECC /* Debug */ = {
			isa = XCBuildConfiguration;
			buildSettings = {
				ALWAYS_SEARCH_USER_PATHS = NO;
				ARCHS = "$(ARCHS_STANDARD_32_BIT)";
				COPY_PHASE_STRIP = NO;
				GCC_C_LANGUAGE_STANDARD = gnu99;
				GCC_DYNAMIC_NO_PIC = NO;
				GCC_OPTIMIZATION_LEVEL = 0;
				GCC_PREPROCESSOR_DEFINITIONS = (
					"DEBUG=1",
					"$(inherited)",
				);
				GCC_SYMBOLS_PRIVATE_EXTERN = NO;
				GCC_VERSION = com.apple.compilers.llvm.clang.1_0;
				GCC_WARN_ABOUT_MISSING_PROTOTYPES = YES;
				GCC_WARN_ABOUT_RETURN_TYPE = YES;
				GCC_WARN_UNUSED_VARIABLE = YES;
				IPHONEOS_DEPLOYMENT_TARGET = 5.0;
				SDKROOT = iphoneos;
			};
			name = Debug;
		};
		5F489955CF58E92E449ACED0 /* Release */ = {
			isa = XCBuildConfiguration;
			buildSettings = {
				FRAMEWORK_SEARCH_PATHS = (
					"$(SDKROOT)/Developer/Library/Frameworks",
					"$(DEVELOPER_LIBRARY_DIR)/Frameworks",
				);
				GCC_PRECOMPILE_PREFIX_HEADER = YES;
				GCC_PREFIX_HEADER = "CalculatorTests/CalculatorTests-Prefix.pch";
				INFOPLIST_FILE = "CalculatorTests/CalculatorTests-Info.plist";
				PRODUCT_NAME = "$(TARGET_NAME)";
				WRAPPER_EXTENSION = octest;
			};
			name = Release;
		};
		5F489955CF58E92E449ACED1 /* Debug */ = {
			isa = XCBuildConfiguration;
			buildSettings = {
				FRAMEWORK_SEARCH_PATHS = (
					"$(SDKROOT)/Developer/Library/Frameworks",
					"$(DEVELOPER_LIBRARY_DIR)/Frameworks",
				);
				GCC_PRECOMPILE_PREFIX_HEADER = YES;
				GCC_PREFIX_HEADER = "CalculatorTests/CalculatorTests-Prefix.pch";
				INFOPLIST_FILE = "CalculatorTests/CalculatorTests-Info.plist";
				PRODUCT_NAME = "$(TARGET_NAME)";
				WRAPPER_EXTENSION = octest;
			};
			name = Debug;
		};
/* End XCBuildConfiguration section */

/* Begin XCConfigurationList section */
		5F489955CF58E92E449ACEC8 /* Build configuration list for PBXProject "CalculatorTests" */ = {
			isa = XCConfigurationList;
			buildConfigurations = (
				5F489955CF58E92E449ACECB /* Release */,
				5F489955CF58E92E449ACECC /* Debug */,
			);
			defaultConfigurationIsVisible = 0;
			defaultConfigurationName = Release;
		};
		5F489955CF58E92E449ACECF /* Build configuration list for PBXNativeTarget "CalculatorTests" */ = {
			isa = XCConfigurationList;
			buildConfigurations = (
				5F489955CF58E92E449ACED0 /* Release */,
				5F489955CF58E92E449ACED1 /* Debug */,
			);
			defaultConfigurationIsVisible = 0;
		};
/* End XCConfigurationList section */
	};
	rootObject = 5F489955CF58E92E449ACEC7 /* Project object */;
}
