// !$*UTF8*$!
{
	archiveVersion = 1;
	classes = {
	};
	objectVersion = 46;
	objects = {

/* Begin PBXBuildFile section */
		D366969951F2B0B46544D196 /* SenTestingKit.framework in Frameworks */ = {isa = PBXBuildFile; fileRef = D366969951F2B0B46544D195 /* SenTestingKit.framework */; };
		D366969951F2B0B46544D198 /* Cocoa.framework in Frameworks */ = {isa = PBXBuildFile; fileRef = D366969951F2B0B46544D197 /* Cocoa.framework */; };
		D366969951F2B0B46544D1A2 /* InfoPlist.strings in Resources */ = {isa = PBXBuildFile; fileRef = D366969951F2B0B46544D1A1 /* InfoPlist.strings */; };
		D366969951F2B0B46544D1A5 /* CalculatorTests.m in Sources */ = {isa = PBXBuildFile; fileRef = D366969951F2B0B46544D1A4 /* CalculatorTests.m */; };
		D366969951F2B0B46544D1A8 /* Calculator.m in Sources */ = {isa = PBXBuildFile; fileRef = D366969951F2B0B46544D1A7 /* Calculator.m */; };
/* End PBXBuildFile section */

/* Begin PBXFileReference section */
		D366969951F2B0B46544D18B /* CalculatorTests.octest */ = {isa = PBXFileReference; explicitFileType = wrapper.cfbundle; includeInIndex = 0; path = CalculatorTests.octest; sourceTree = BUILT_PRODUCTS_DIR; };
		D366969951F2B0B46544D195 /* SenTestingKit.framework */ = {isa = PBXFileReference; lastKnownFileType = wrapper.framework; name = SenTestingKit.framework; path = Library/Frameworks/SenTestingKit.framework; sourceTree = DEVELOPER_DIR; };
		D366969951F2B0B46544D197 /* Cocoa.framework */ = {isa = PBXFileReference; lastKnownFileType = wrapper.framework; name = Cocoa.framework; path = System/Library/Frameworks/Cocoa.framework; sourceTree = SDKROOT; };
		D366969951F2B0B46544D19A /* AppKit.framework */ = {isa = PBXFileReference; lastKnownFileType = wrapper.framework; name = AppKit.framework; path = System/Library/Frameworks/AppKit.framework; sourceTree = SDKROOT; };
		D366969951F2B0B46544D19B /* CoreData.framework */ = {isa = PBXFileReference; lastKnownFileType = wrapper.framework; name = CoreData.framework; path = System/Library/Frameworks/CoreData.framework; sourceTree = SDKROOT; };
		D366969951F2B0B46544D19C /* Foundation.framework */ = {isa = PBXFileReference; lastKnownFileType = wrapper.framework; name = Foundation.framework; path = System/Library/Frameworks/Foundation.framework; sourceTree = SDKROOT; };
		D366969951F2B0B46544D19F /* CalculatorTests-Info.plist */ = {isa = PBXFileReference; lastKnownFileType = text.plist.info; path = "CalculatorTests-Info.plist"; sourceTree = "<group>"; };
		D366969951F2B0B46544D1A0 /* en */ = {isa = PBXFileReference; lastKnownFileType = text.plist.strings; name = en; path = en.lproj/InfoPlist.strings; sourceTree = "<group>"; };
		D366969951F2B0B46544D1A3 /* CalculatorTests.h */ = {isa = PBXFileReference; lastKnownFileType = sourcecode.c.h; path = CalculatorTests.h; sourceTree = "<group>"; };
		D366969951F2B0B46544D1A4 /* CalculatorTests.m */ = {isa = PBXFileReference; lastKnownFileType = sourcecode.c.objc; path = CalculatorTests.m; sourceTree = "<group>"; };
		D366969951F2B0B46544D1A6 /* CalculatorTests-Prefix.pch */ = {isa = PBXFileReference; lastKnownFileType = sourcecode.c.h; path = "CalculatorTests-Prefix.pch"; sourceTree = "<group>"; };
		D366969951F2B0B46544D1A7 /* Calculator.m */ = {isa = PBXFileReference; fileEncoding = 4; lastKnownFileType = sourcecode.c.objc; path = Calculator.m; sourceTree = "<group>"; };
		D366969951F2B0B46544D1A9 /* Calculator.h */ = {isa = PBXFileReference; fileEncoding = 4; lastKnownFileType = sourcecode.c.h; path = Calculator.h; sourceTree = "<group>"; };
/* End PBXFileReference section */

/* Begin PBXFrameworksBuildPhase section */
		D366969951F2B0B46544D191 /* Frameworks */ = {
			isa = PBXFrameworksBuildPhase;
			buildActionMask = 2147483647;
			files = (
				D366969951F2B0B46544D196 /* SenTestingKit.framework in Frameworks */,
				D366969951F2B0B46544D198 /* Cocoa.framework in Frameworks */,
			);
			runOnlyForDeploymentPostprocessing = 0;
		};
/* End PBXFrameworksBuildPhase section */

/* Begin PBXGroup section */
		D366969951F2B0B46544D187 = {
			isa = PBXGroup;
			children = (
				D366969951F2B0B46544D188 /* Products */,
				D366969951F2B0B46544D194 /* Frameworks */,
				D366969951F2B0B46544D19D /* CalculatorTests */,
			);
			sourceTree = "<group>";
		};
		D366969951F2B0B46544D188 /* Products */ = {
			isa = PBXGroup;
			children = (
				D366969951F2B0B46544D18B /* CalculatorTests.octest */,
			);
			name = Products;
			sourceTree = "<group>";
		};
		D366969951F2B0B46544D194 /* Frameworks */ = {
			isa = PBXGroup;
			children = (
				D366969951F2B0B46544D197 /* Cocoa.framework */,
				D366969951F2B0B46544D195 /* SenTestingKit.framework */,
				D366969951F2B0B46544D199 /* Other Frameworks */,
			);
			name = Frameworks;
			sourceTree = "<group>";
		};
		D366969951F2B0B46544D199 /* Other Frameworks */ = {
			isa = PBXGroup;
			children = (
				D366969951F2B0B46544D19C /* Foundation.framework */,
				D366969951F2B0B46544D19B /* CoreData.framework */,
				D366969951F2B0B46544D19A /* AppKit.framework */,
			);
			name = "Other Frameworks";
			sourceTree = "<group>";
		};
		D366969951F2B0B46544D19D /* CalculatorTests */ = {
			isa = PBXGroup;
			children = (
				D366969951F2B0B46544D1A9 /* Calculator.h */,
				D366969951F2B0B46544D1A7 /* Calculator.m */,
				D366969951F2B0B46544D1A4 /* CalculatorTests.m */,
				D366969951F2B0B46544D1A3 /* CalculatorTests.h */,
				D366969951F2B0B46544D19E /* Supporting Files */,
			);
			path = CalculatorTests;
			sourceTree = "<group>";
		};
		D366969951F2B0B46544D19E /* Supporting Files */ = {
			isa = PBXGroup;
			children = (
				D366969951F2B0B46544D1A6 /* CalculatorTests-Prefix.pch */,
				D366969951F2B0B46544D1A1 /* InfoPlist.strings */,
				D366969951F2B0B46544D19F /* CalculatorTests-Info.plist */,
			);
			name = "Supporting Files";
			sourceTree = "<group>";
		};
/* End PBXGroup section */

/* Begin PBXNativeTarget section */
		D366969951F2B0B46544D18C /* CalculatorTests */ = {
			isa = PBXNativeTarget;
			buildConfigurationList = D366969951F2B0B46544D18D /* Build configuration list for PBXNativeTarget "CalculatorTests" */;
			buildPhases = (
				D366969951F2B0B46544D190 /* Sources */,
				D366969951F2B0B46544D191 /* Frameworks */,
				D366969951F2B0B46544D192 /* Resources */,
				D366969951F2B0B46544D193 /* ShellScript */,
			);
			buildRules = (
			);
			dependencies = (
			);
			name = CalculatorTests;
			productName = CalculatorTests;
			productReference = D366969951F2B0B46544D18B /* CalculatorTests.octest */;
			productType = "com.apple.product-type.bundle";
		};
/* End PBXNativeTarget section */

/* Begin PBXProject section */
		D366969951F2B0B46544D185 /* Project object */ = {
			isa = PBXProject;
			buildConfigurationList = D366969951F2B0B46544D186 /* Build configuration list for PBXProject "CalculatorTests" */;
			compatibilityVersion = "Xcode 3.2";
			developmentRegion = English;
			hasScannedForEncodings = 0;
			knownRegions = (
				en,
			);
			mainGroup = D366969951F2B0B46544D187;
			productRefGroup = D366969951F2B0B46544D188 /* Products */;
			projectDirPath = "";
			projectRoot = "";
			targets = (
				D366969951F2B0B46544D18C /* CalculatorTests */,
			);
		};
/* End PBXProject section */

/* Begin PBXResourcesBuildPhase section */
		D366969951F2B0B46544D192 /* Resources */ = {
			isa = PBXResourcesBuildPhase;
			buildActionMask = 2147483647;
			files = (
				D366969951F2B0B46544D1A2 /* InfoPlist.strings in Resources */,
			);
			runOnlyForDeploymentPostprocessing = 0;
		};
/* End PBXResourcesBuildPhase section */

/* Begin PBXShellScriptBuildPhase section */
		D366969951F2B0B46544D193 /* ShellScript */ = {
			isa = PBXShellScriptBuildPhase;
			buildActionMask = 2147483647;
			files = (
			);
			inputPaths = (
			);
			outputPaths = (
			);
			runOnlyForDeploymentPostprocessing = 0;
			shellPath = /bin/sh;
			shellScript = "# Run the unit tests in this test bundle.\n\"${SYSTEM_DEVELOPER_DIR}/Tools/RunUnitTests\"\n";
		};
/* End PBXShellScriptBuildPhase section */

/* Begin PBXSourcesBuildPhase section */
		D366969951F2B0B46544D190 /* Sources */ = {
			isa = PBXSourcesBuildPhase;
			buildActionMask = 2147483647;
			files = (
				D366969951F2B0B46544D1A5 /* CalculatorTests.m in Sources */,
				D366969951F2B0B46544D1A8 /* Calculator.m in Sources */,
			);
			runOnlyForDeploymentPostprocessing = 0;
		};
/* End PBXSourcesBuildPhase section */

/* Begin PBXVariantGroup section */
		D366969951F2B0B46544D1A1 /* InfoPlist.strings */ = {
			isa = PBXVariantGroup;
			children = (
				D366969951F2B0B46544D1A0 /* en */,
			);
			name = InfoPlist.strings;
			sourceTree = "<group>";
		};
/* End PBXVariantGroup section */

/* Begin XCBuildConfiguration section */
		D366969951F2B0B46544D189 /* Release */ = {
			isa = XCBuildConfiguration;
			buildSettings = {
				ALWAYS_SEARCH_USER_PATHS = NO;
				ARCHS = "$(ARCHS_STANDARD_64_BIT)";
				COPY_PHASE_STRIP = YES;
				DEBUG_INFORMATION_FORMAT = "dwarf-with-dsym";
				GCC_C_LANGUAGE_STANDARD = gnu99;
				GCC_ENABLE_OBJC_EXCEPTIONS = YES;
				GCC_VERSION = com.apple.compilers.llvm.clang.1_0;
				GCC_WARN_64_TO_32_BIT_CONVERSION = YES;
				GCC_WARN_ABOUT_MISSING_PROTOTYPES = YES;
				GCC_WARN_ABOUT_RETURN_TYPE = YES;
				GCC_WARN_UNUSED_VARIABLE = YES;
				MACOSX_DEPLOYMENT_TARGET = 10.7;
				SDKROOT = macosx;
			};
			name = Release;
		};
		D366969951F2B0B46544D18A /* Debug */ = {
			isa = XCBuildConfiguration;
			buildSettings = {
				ALWAYS_SEARCH_USER_PATHS = NO;
				ARCHS = "$(ARCHS_STANDARD_64_BIT)";
				COPY_PHASE_STRIP = NO;
				GCC_C_LANGUAGE_STANDARD = gnu99;
				GCC_DYNAMIC_NO_PIC = NO;
				GCC_ENABLE_OBJC_EXCEPTIONS = YES;
				GCC_OPTIMIZATION_LEVEL = 0;
				GCC_PREPROCESSOR_DEFINITIONS = (
					"DEBUG=1",
					"$(inherited)",
				);
				GCC_SYMBOLS_PRIVATE_EXTERN = NO;
				GCC_VERSION = com.apple.compilers.llvm.clang.1_0;
				GCC_WARN_64_TO_32_BIT_CONVERSION = YES;
				GCC_WARN_ABOUT_MISSING_PROTOTYPES = YES;
				GCC_WARN_ABOUT_RETURN_TYPE = YES;
				GCC_WARN_UNUSED_VARIABLE = YES;
				MACOSX_DEPLOYMENT_TARGET = 10.7;
				ONLY_ACTIVE_ARCH = YES;
				SDKROOT = macosx;
			};
			name = Debug;
		};
		D366969951F2B0B46544D18E /* Release */ = {
			isa = XCBuildConfiguration;
			buildSettings = {
				FRAMEWORK_SEARCH_PATHS = "$(DEVELOPER_LIBRARY_DIR)/Frameworks";
				GCC_PRECOMPILE_PREFIX_HEADER = YES;
				GCC_PREFIX_HEADER = "CalculatorTests/CalculatorTests-Prefix.pch";
				INFOPLIST_FILE = "CalculatorTests/CalculatorTests-Info.plist";
				PRODUCT_NAME = "$(TARGET_NAME)";
				WRAPPER_EXTENSION = octest;
			};
			name = Release;
		};
		D366969951F2B0B46544D18F /* Debug */ = {
			isa = XCBuildConfiguration;
			buildSettings = {
				FRAMEWORK_SEARCH_PATHS = "$(DEVELOPER_LIBRARY_DIR)/Frameworks";
				GCC_PRECOMPILE_PREFIX_HEADER = YES;
				GCC_PREFIX_HEADER = "CalculatorTests/CalculatorTests-Prefix.pch";
				INFOPLIST_FILE = "CalculatorTests/CalculatorTests-Info.plist";
				PRODUCT_NAME = "$(TARGET_NAME)";
				WRAPPER_EXTENSION = octest;
			};
			name = Debug;
		};
/* End XCBuildConfiguration section */

/* Begin XCConfigurationList section */
		D366969951F2B0B46544D186 /* Build configuration list for PBXProject "CalculatorTests" */ = {
			isa = XCConfigurationList;
			buildConfigurations = (
				D366969951F2B0B46544D189 /* Release */,
				D366969951F2B0B46544D18A /* Debug */,
			);
			defaultConfigurationIsVisible = 0;
			defaultConfigurationName = Release;
		};
		D366969951F2B0B46544D18D /* Build configuration list for PBXNativeTarget "CalculatorTests" */ = {
			isa = XCConfigurationList;
			buildConfigurations = (
				D366969951F2B0B46544D18E /* Release */,
				D366969951F2B0B46544D18F /* Debug */,
			);
			defaultConfigurationIsVisible = 0;
		};
/* End XCConfigurationList section */
	};
	rootObject = D366969951F2B0B46544D185 /* Project object */;
}
